<?xml version="1.0" encoding="UTF-8"?>
<!DOCTYPE plist PUBLIC "-//Apple//DTD PLIST 1.0//EN" "http://www.apple.com/DTDs/PropertyList-1.0.dtd">
<plist version="1.0">
<dict>
	<key>archiveVersion</key>
	<string>1</string>
	<key>classes</key>
	<dict/>
	<key>objectVersion</key>
	<string>46</string>
	<key>objects</key>
	<dict>
		<key>E2440F6A1A97EEDF005EE4CC</key>
		<dict>
			<key>children</key>
			<array>
				<string>E2440F761A97EEDF005EE4CC</string>
				<string>E2440F831A97EEDF005EE4CC</string>
				<string>E2440F751A97EEDF005EE4CC</string>
			</array>
			<key>isa</key>
			<string>PBXGroup</string>
			<key>sourceTree</key>
			<string>&lt;group&gt;</string>
		</dict>
		<key>E2440F6B1A97EEDF005EE4CC</key>
		<dict>
			<key>attributes</key>
			<dict>
				<key>LastUpgradeCheck</key>
				<string>0610</string>
				<key>ORGANIZATIONNAME</key>
				<string>P100 OG, Inc.</string>
				<key>TargetAttributes</key>
				<dict>
					<key>E2440F731A97EEDF005EE4CC</key>
					<dict>
						<key>CreatedOnToolsVersion</key>
						<string>6.1.1</string>
					</dict>
					<key>E2440F7E1A97EEDF005EE4CC</key>
					<dict>
						<key>CreatedOnToolsVersion</key>
						<string>6.1.1</string>
					</dict>
					<key>E2440FBE1A97F7AB005EE4CC</key>
					<dict>
						<key>CreatedOnToolsVersion</key>
						<string>6.1.1</string>
					</dict>
				</dict>
			</dict>
			<key>buildConfigurationList</key>
			<string>E2440F6E1A97EEDF005EE4CC</string>
			<key>compatibilityVersion</key>
			<string>Xcode 3.2</string>
			<key>developmentRegion</key>
			<string>English</string>
			<key>hasScannedForEncodings</key>
			<string>0</string>
			<key>isa</key>
			<string>PBXProject</string>
			<key>knownRegions</key>
			<array>
				<string>en</string>
			</array>
			<key>mainGroup</key>
			<string>E2440F6A1A97EEDF005EE4CC</string>
			<key>productRefGroup</key>
			<string>E2440F751A97EEDF005EE4CC</string>
			<key>projectDirPath</key>
			<string></string>
			<key>projectReferences</key>
			<array/>
			<key>projectRoot</key>
			<string></string>
			<key>targets</key>
			<array>
				<string>E2440F731A97EEDF005EE4CC</string>
				<string>E2440F7E1A97EEDF005EE4CC</string>
				<string>E2440FBE1A97F7AB005EE4CC</string>
			</array>
		</dict>
		<key>E2440F6E1A97EEDF005EE4CC</key>
		<dict>
			<key>buildConfigurations</key>
			<array>
				<string>E2440F881A97EEDF005EE4CC</string>
				<string>E2440F891A97EEDF005EE4CC</string>
			</array>
			<key>defaultConfigurationIsVisible</key>
			<string>0</string>
			<key>defaultConfigurationName</key>
			<string>Release</string>
			<key>isa</key>
			<string>XCConfigurationList</string>
		</dict>
		<key>E2440F6F1A97EEDF005EE4CC</key>
		<dict>
			<key>buildActionMask</key>
			<string>2147483647</string>
			<key>files</key>
			<array>
				<string>E2440FAE1A97F175005EE4CC</string>
				<string>E2440F9A1A97EF28005EE4CC</string>
				<string>E2440FA81A97EFE3005EE4CC</string>
				<string>E2440FB31A97F1AF005EE4CC</string>
				<string>E2440FA31A97EF28005EE4CC</string>
				<string>E2440FA01A97EF28005EE4CC</string>
				<string>E2440FBB1A97F25B005EE4CC</string>
				<string>E2440F9D1A97EF28005EE4CC</string>
			</array>
			<key>isa</key>
			<string>PBXSourcesBuildPhase</string>
			<key>runOnlyForDeploymentPostprocessing</key>
			<string>0</string>
		</dict>
		<key>E2440F701A97EEDF005EE4CC</key>
		<dict>
			<key>buildActionMask</key>
			<string>2147483647</string>
			<key>files</key>
			<array/>
			<key>isa</key>
			<string>PBXFrameworksBuildPhase</string>
			<key>runOnlyForDeploymentPostprocessing</key>
			<string>0</string>
		</dict>
		<key>E2440F711A97EEDF005EE4CC</key>
		<dict>
			<key>buildActionMask</key>
			<string>2147483647</string>
			<key>files</key>
			<array>
				<string>E2440FA71A97EFE3005EE4CC</string>
				<string>E2440F9F1A97EF28005EE4CC</string>
				<string>E2440FAD1A97F175005EE4CC</string>
				<string>E2440FB71A97F232005EE4CC</string>
				<string>E2440FA21A97EF28005EE4CC</string>
				<string>E2440F9C1A97EF28005EE4CC</string>
				<string>E2440F991A97EF28005EE4CC</string>
				<string>E2440FBA1A97F25B005EE4CC</string>
				<string>E2440FB21A97F1AF005EE4CC</string>
				<string>E2440F7A1A97EEDF005EE4CC</string>
			</array>
			<key>isa</key>
			<string>PBXHeadersBuildPhase</string>
			<key>runOnlyForDeploymentPostprocessing</key>
			<string>0</string>
		</dict>
		<key>E2440F721A97EEDF005EE4CC</key>
		<dict>
			<key>buildActionMask</key>
			<string>2147483647</string>
			<key>files</key>
			<array/>
			<key>isa</key>
			<string>PBXResourcesBuildPhase</string>
			<key>runOnlyForDeploymentPostprocessing</key>
			<string>0</string>
		</dict>
		<key>E2440F731A97EEDF005EE4CC</key>
		<dict>
			<key>buildConfigurationList</key>
			<string>E2440F8A1A97EEDF005EE4CC</string>
			<key>buildPhases</key>
			<array>
				<string>E2440F6F1A97EEDF005EE4CC</string>
				<string>E2440F701A97EEDF005EE4CC</string>
				<string>E2440F711A97EEDF005EE4CC</string>
				<string>E2440F721A97EEDF005EE4CC</string>
			</array>
			<key>buildRules</key>
			<array/>
			<key>dependencies</key>
			<array/>
			<key>isa</key>
			<string>PBXNativeTarget</string>
			<key>name</key>
			<string>OAuth2</string>
			<key>productName</key>
			<string>OAuth2</string>
			<key>productReference</key>
			<string>E2440F741A97EEDF005EE4CC</string>
			<key>productType</key>
			<string>com.apple.product-type.framework</string>
		</dict>
		<key>E2440F741A97EEDF005EE4CC</key>
		<dict>
			<key>explicitFileType</key>
			<string>wrapper.framework</string>
			<key>includeInIndex</key>
			<string>0</string>
			<key>isa</key>
			<string>PBXFileReference</string>
			<key>path</key>
			<string>OAuth2.framework</string>
			<key>sourceTree</key>
			<string>BUILT_PRODUCTS_DIR</string>
		</dict>
		<key>E2440F751A97EEDF005EE4CC</key>
		<dict>
			<key>children</key>
			<array>
				<string>E2440F741A97EEDF005EE4CC</string>
				<string>E2440F7F1A97EEDF005EE4CC</string>
			</array>
			<key>isa</key>
			<string>PBXGroup</string>
			<key>name</key>
			<string>Products</string>
			<key>sourceTree</key>
			<string>&lt;group&gt;</string>
		</dict>
		<key>E2440F761A97EEDF005EE4CC</key>
		<dict>
			<key>children</key>
			<array>
				<string>E2440FB51A97F1B3005EE4CC</string>
				<string>E2440F901A97EF19005EE4CC</string>
				<string>E2440F791A97EEDF005EE4CC</string>
				<string>E2440F771A97EEDF005EE4CC</string>
				<string>E2440FAA1A97EFE8005EE4CC</string>
			</array>
			<key>isa</key>
			<string>PBXGroup</string>
			<key>path</key>
			<string>OAuth2</string>
			<key>sourceTree</key>
			<string>&lt;group&gt;</string>
		</dict>
		<key>E2440F771A97EEDF005EE4CC</key>
		<dict>
			<key>children</key>
			<array>
				<string>E2440F781A97EEDF005EE4CC</string>
			</array>
			<key>isa</key>
			<string>PBXGroup</string>
			<key>name</key>
			<string>Supporting Files</string>
			<key>path</key>
			<string>Supporting Files</string>
			<key>sourceTree</key>
			<string>&lt;group&gt;</string>
		</dict>
		<key>E2440F781A97EEDF005EE4CC</key>
		<dict>
			<key>isa</key>
			<string>PBXFileReference</string>
			<key>lastKnownFileType</key>
			<string>text.plist.xml</string>
			<key>path</key>
			<string>Info.plist</string>
			<key>sourceTree</key>
			<string>&lt;group&gt;</string>
		</dict>
		<key>E2440F791A97EEDF005EE4CC</key>
		<dict>
			<key>isa</key>
			<string>PBXFileReference</string>
			<key>lastKnownFileType</key>
			<string>sourcecode.c.h</string>
			<key>path</key>
			<string>OAuth2.h</string>
			<key>sourceTree</key>
			<string>&lt;group&gt;</string>
		</dict>
		<key>E2440F7A1A97EEDF005EE4CC</key>
		<dict>
			<key>fileRef</key>
			<string>E2440F791A97EEDF005EE4CC</string>
			<key>isa</key>
			<string>PBXBuildFile</string>
			<key>settings</key>
			<dict>
				<key>ATTRIBUTES</key>
				<array>
					<string>Public</string>
				</array>
			</dict>
		</dict>
		<key>E2440F7B1A97EEDF005EE4CC</key>
		<dict>
			<key>buildActionMask</key>
			<string>2147483647</string>
			<key>files</key>
			<array>
				<string>E2440F9E1A97EF28005EE4CC</string>
				<string>E2440FAF1A97F175005EE4CC</string>
				<string>E2440FA41A97EF28005EE4CC</string>
				<string>E2440FB41A97F1AF005EE4CC</string>
				<string>E2440FA11A97EF28005EE4CC</string>
				<string>E2440F871A97EEDF005EE4CC</string>
				<string>E2440F9B1A97EF28005EE4CC</string>
				<string>E2440FA91A97EFE3005EE4CC</string>
			</array>
			<key>isa</key>
			<string>PBXSourcesBuildPhase</string>
			<key>runOnlyForDeploymentPostprocessing</key>
			<string>0</string>
		</dict>
		<key>E2440F7C1A97EEDF005EE4CC</key>
		<dict>
			<key>buildActionMask</key>
			<string>2147483647</string>
			<key>files</key>
			<array>
				<string>E2440F801A97EEDF005EE4CC</string>
			</array>
			<key>isa</key>
			<string>PBXFrameworksBuildPhase</string>
			<key>runOnlyForDeploymentPostprocessing</key>
			<string>0</string>
		</dict>
		<key>E2440F7D1A97EEDF005EE4CC</key>
		<dict>
			<key>buildActionMask</key>
			<string>2147483647</string>
			<key>files</key>
			<array/>
			<key>isa</key>
			<string>PBXResourcesBuildPhase</string>
			<key>runOnlyForDeploymentPostprocessing</key>
			<string>0</string>
		</dict>
		<key>E2440F7E1A97EEDF005EE4CC</key>
		<dict>
			<key>buildConfigurationList</key>
			<string>E2440F8D1A97EEDF005EE4CC</string>
			<key>buildPhases</key>
			<array>
				<string>E2440F7B1A97EEDF005EE4CC</string>
				<string>E2440F7C1A97EEDF005EE4CC</string>
				<string>E2440F7D1A97EEDF005EE4CC</string>
			</array>
			<key>buildRules</key>
			<array/>
			<key>dependencies</key>
			<array>
				<string>E2440F821A97EEDF005EE4CC</string>
			</array>
			<key>isa</key>
			<string>PBXNativeTarget</string>
			<key>name</key>
			<string>OAuth2Tests</string>
			<key>productName</key>
			<string>OAuth2Tests</string>
			<key>productReference</key>
			<string>E2440F7F1A97EEDF005EE4CC</string>
			<key>productType</key>
			<string>com.apple.product-type.bundle.unit-test</string>
		</dict>
		<key>E2440F7F1A97EEDF005EE4CC</key>
		<dict>
			<key>explicitFileType</key>
			<string>wrapper.cfbundle</string>
			<key>includeInIndex</key>
			<string>0</string>
			<key>isa</key>
			<string>PBXFileReference</string>
			<key>path</key>
			<string>OAuth2Tests.xctest</string>
			<key>sourceTree</key>
			<string>BUILT_PRODUCTS_DIR</string>
		</dict>
		<key>E2440F801A97EEDF005EE4CC</key>
		<dict>
			<key>fileRef</key>
			<string>E2440F741A97EEDF005EE4CC</string>
			<key>isa</key>
			<string>PBXBuildFile</string>
		</dict>
		<key>E2440F811A97EEDF005EE4CC</key>
		<dict>
			<key>containerPortal</key>
			<string>E2440F6B1A97EEDF005EE4CC</string>
			<key>isa</key>
			<string>PBXContainerItemProxy</string>
			<key>proxyType</key>
			<string>1</string>
			<key>remoteGlobalIDString</key>
			<string>E2440F731A97EEDF005EE4CC</string>
			<key>remoteInfo</key>
			<string>OAuth2</string>
		</dict>
		<key>E2440F821A97EEDF005EE4CC</key>
		<dict>
			<key>isa</key>
			<string>PBXTargetDependency</string>
			<key>target</key>
			<string>E2440F731A97EEDF005EE4CC</string>
			<key>targetProxy</key>
			<string>E2440F811A97EEDF005EE4CC</string>
		</dict>
		<key>E2440F831A97EEDF005EE4CC</key>
		<dict>
			<key>children</key>
			<array>
				<string>E2440F861A97EEDF005EE4CC</string>
				<string>E2440F841A97EEDF005EE4CC</string>
			</array>
			<key>isa</key>
			<string>PBXGroup</string>
			<key>path</key>
			<string>OAuth2Tests</string>
			<key>sourceTree</key>
			<string>&lt;group&gt;</string>
		</dict>
		<key>E2440F841A97EEDF005EE4CC</key>
		<dict>
			<key>children</key>
			<array>
				<string>E2440F851A97EEDF005EE4CC</string>
			</array>
			<key>isa</key>
			<string>PBXGroup</string>
			<key>name</key>
			<string>Supporting Files</string>
			<key>path</key>
			<string>Supporting Files</string>
			<key>sourceTree</key>
			<string>&lt;group&gt;</string>
		</dict>
		<key>E2440F851A97EEDF005EE4CC</key>
		<dict>
			<key>isa</key>
			<string>PBXFileReference</string>
			<key>lastKnownFileType</key>
			<string>text.plist.xml</string>
			<key>path</key>
			<string>Info.plist</string>
			<key>sourceTree</key>
			<string>&lt;group&gt;</string>
		</dict>
		<key>E2440F861A97EEDF005EE4CC</key>
		<dict>
			<key>isa</key>
			<string>PBXFileReference</string>
			<key>lastKnownFileType</key>
			<string>sourcecode.c.objc</string>
			<key>path</key>
			<string>OAuth2Tests.m</string>
			<key>sourceTree</key>
			<string>&lt;group&gt;</string>
		</dict>
		<key>E2440F871A97EEDF005EE4CC</key>
		<dict>
			<key>fileRef</key>
			<string>E2440F861A97EEDF005EE4CC</string>
			<key>isa</key>
			<string>PBXBuildFile</string>
		</dict>
		<key>E2440F881A97EEDF005EE4CC</key>
		<dict>
			<key>buildSettings</key>
			<dict>
				<key>ALWAYS_SEARCH_USER_PATHS</key>
				<string>NO</string>
				<key>CLANG_CXX_LANGUAGE_STANDARD</key>
				<string>gnu++0x</string>
				<key>CLANG_CXX_LIBRARY</key>
				<string>libc++</string>
				<key>CLANG_ENABLE_MODULES</key>
				<string>YES</string>
				<key>CLANG_ENABLE_OBJC_ARC</key>
				<string>YES</string>
				<key>CLANG_WARN_BOOL_CONVERSION</key>
				<string>YES</string>
				<key>CLANG_WARN_CONSTANT_CONVERSION</key>
				<string>YES</string>
				<key>CLANG_WARN_DIRECT_OBJC_ISA_USAGE</key>
				<string>YES_ERROR</string>
				<key>CLANG_WARN_EMPTY_BODY</key>
				<string>YES</string>
				<key>CLANG_WARN_ENUM_CONVERSION</key>
				<string>YES</string>
				<key>CLANG_WARN_INT_CONVERSION</key>
				<string>YES</string>
				<key>CLANG_WARN_OBJC_ROOT_CLASS</key>
				<string>YES_ERROR</string>
				<key>CLANG_WARN_UNREACHABLE_CODE</key>
				<string>YES</string>
				<key>CLANG_WARN__DUPLICATE_METHOD_MATCH</key>
				<string>YES</string>
				<key>CODE_SIGN_IDENTITY[sdk=iphoneos*]</key>
				<string>iPhone Developer</string>
				<key>COPY_PHASE_STRIP</key>
				<string>NO</string>
				<key>CURRENT_PROJECT_VERSION</key>
				<string>1</string>
				<key>ENABLE_STRICT_OBJC_MSGSEND</key>
				<string>YES</string>
				<key>GCC_C_LANGUAGE_STANDARD</key>
				<string>gnu99</string>
				<key>GCC_DYNAMIC_NO_PIC</key>
				<string>NO</string>
				<key>GCC_OPTIMIZATION_LEVEL</key>
				<string>0</string>
				<key>GCC_PREPROCESSOR_DEFINITIONS</key>
				<array>
					<string>DEBUG=1</string>
					<string>$(inherited)</string>
				</array>
				<key>GCC_SYMBOLS_PRIVATE_EXTERN</key>
				<string>NO</string>
				<key>GCC_WARN_64_TO_32_BIT_CONVERSION</key>
				<string>YES</string>
				<key>GCC_WARN_ABOUT_RETURN_TYPE</key>
				<string>YES_ERROR</string>
				<key>GCC_WARN_UNDECLARED_SELECTOR</key>
				<string>YES</string>
				<key>GCC_WARN_UNINITIALIZED_AUTOS</key>
				<string>YES_AGGRESSIVE</string>
				<key>GCC_WARN_UNUSED_FUNCTION</key>
				<string>YES</string>
				<key>GCC_WARN_UNUSED_VARIABLE</key>
				<string>YES</string>
				<key>IPHONEOS_DEPLOYMENT_TARGET</key>
				<string>8.1</string>
				<key>MTL_ENABLE_DEBUG_INFO</key>
				<string>YES</string>
				<key>ONLY_ACTIVE_ARCH</key>
				<string>YES</string>
				<key>SDKROOT</key>
				<string>iphoneos</string>
				<key>TARGETED_DEVICE_FAMILY</key>
				<string>1,2</string>
				<key>VERSIONING_SYSTEM</key>
				<string>apple-generic</string>
				<key>VERSION_INFO_PREFIX</key>
				<string></string>
			</dict>
			<key>isa</key>
			<string>XCBuildConfiguration</string>
			<key>name</key>
			<string>Debug</string>
		</dict>
		<key>E2440F891A97EEDF005EE4CC</key>
		<dict>
			<key>buildSettings</key>
			<dict>
				<key>ALWAYS_SEARCH_USER_PATHS</key>
				<string>NO</string>
				<key>CLANG_CXX_LANGUAGE_STANDARD</key>
				<string>gnu++0x</string>
				<key>CLANG_CXX_LIBRARY</key>
				<string>libc++</string>
				<key>CLANG_ENABLE_MODULES</key>
				<string>YES</string>
				<key>CLANG_ENABLE_OBJC_ARC</key>
				<string>YES</string>
				<key>CLANG_WARN_BOOL_CONVERSION</key>
				<string>YES</string>
				<key>CLANG_WARN_CONSTANT_CONVERSION</key>
				<string>YES</string>
				<key>CLANG_WARN_DIRECT_OBJC_ISA_USAGE</key>
				<string>YES_ERROR</string>
				<key>CLANG_WARN_EMPTY_BODY</key>
				<string>YES</string>
				<key>CLANG_WARN_ENUM_CONVERSION</key>
				<string>YES</string>
				<key>CLANG_WARN_INT_CONVERSION</key>
				<string>YES</string>
				<key>CLANG_WARN_OBJC_ROOT_CLASS</key>
				<string>YES_ERROR</string>
				<key>CLANG_WARN_UNREACHABLE_CODE</key>
				<string>YES</string>
				<key>CLANG_WARN__DUPLICATE_METHOD_MATCH</key>
				<string>YES</string>
				<key>CODE_SIGN_IDENTITY[sdk=iphoneos*]</key>
				<string>iPhone Developer</string>
				<key>COPY_PHASE_STRIP</key>
				<string>YES</string>
				<key>CURRENT_PROJECT_VERSION</key>
				<string>1</string>
				<key>ENABLE_NS_ASSERTIONS</key>
				<string>NO</string>
				<key>ENABLE_STRICT_OBJC_MSGSEND</key>
				<string>YES</string>
				<key>GCC_C_LANGUAGE_STANDARD</key>
				<string>gnu99</string>
				<key>GCC_WARN_64_TO_32_BIT_CONVERSION</key>
				<string>YES</string>
				<key>GCC_WARN_ABOUT_RETURN_TYPE</key>
				<string>YES_ERROR</string>
				<key>GCC_WARN_UNDECLARED_SELECTOR</key>
				<string>YES</string>
				<key>GCC_WARN_UNINITIALIZED_AUTOS</key>
				<string>YES_AGGRESSIVE</string>
				<key>GCC_WARN_UNUSED_FUNCTION</key>
				<string>YES</string>
				<key>GCC_WARN_UNUSED_VARIABLE</key>
				<string>YES</string>
				<key>IPHONEOS_DEPLOYMENT_TARGET</key>
				<string>8.1</string>
				<key>MTL_ENABLE_DEBUG_INFO</key>
				<string>NO</string>
				<key>SDKROOT</key>
				<string>iphoneos</string>
				<key>TARGETED_DEVICE_FAMILY</key>
				<string>1,2</string>
				<key>VALIDATE_PRODUCT</key>
				<string>YES</string>
				<key>VERSIONING_SYSTEM</key>
				<string>apple-generic</string>
				<key>VERSION_INFO_PREFIX</key>
				<string></string>
			</dict>
			<key>isa</key>
			<string>XCBuildConfiguration</string>
			<key>name</key>
			<string>Release</string>
		</dict>
		<key>E2440F8A1A97EEDF005EE4CC</key>
		<dict>
			<key>buildConfigurations</key>
			<array>
				<string>E2440F8B1A97EEDF005EE4CC</string>
				<string>E2440F8C1A97EEDF005EE4CC</string>
			</array>
			<key>defaultConfigurationIsVisible</key>
			<string>0</string>
			<key>isa</key>
			<string>XCConfigurationList</string>
		</dict>
		<key>E2440F8B1A97EEDF005EE4CC</key>
		<dict>
			<key>buildSettings</key>
			<dict>
				<key>APPLICATION_EXTENSION_API_ONLY</key>
				<string>YES</string>
				<key>DEFINES_MODULE</key>
				<string>YES</string>
				<key>DYLIB_COMPATIBILITY_VERSION</key>
				<string>1</string>
				<key>DYLIB_CURRENT_VERSION</key>
				<string>1</string>
				<key>DYLIB_INSTALL_NAME_BASE</key>
				<string>@rpath</string>
				<key>INFOPLIST_FILE</key>
				<string>OAuth2/Supporting Files/Info.plist</string>
				<key>INSTALL_PATH</key>
				<string>$(LOCAL_LIBRARY_DIR)/Frameworks</string>
				<key>LD_RUNPATH_SEARCH_PATHS</key>
				<string>$(inherited) @executable_path/Frameworks @loader_path/Frameworks</string>
				<key>PRODUCT_NAME</key>
				<string>$(TARGET_NAME)</string>
				<key>SKIP_INSTALL</key>
				<string>YES</string>
				<key>VALID_ARCHS</key>
				<string>arm64 armv7 armv7s i386</string>
			</dict>
			<key>isa</key>
			<string>XCBuildConfiguration</string>
			<key>name</key>
			<string>Debug</string>
		</dict>
		<key>E2440F8C1A97EEDF005EE4CC</key>
		<dict>
			<key>buildSettings</key>
			<dict>
				<key>APPLICATION_EXTENSION_API_ONLY</key>
				<string>YES</string>
				<key>DEFINES_MODULE</key>
				<string>YES</string>
				<key>DYLIB_COMPATIBILITY_VERSION</key>
				<string>1</string>
				<key>DYLIB_CURRENT_VERSION</key>
				<string>1</string>
				<key>DYLIB_INSTALL_NAME_BASE</key>
				<string>@rpath</string>
				<key>INFOPLIST_FILE</key>
				<string>OAuth2/Supporting Files/Info.plist</string>
				<key>INSTALL_PATH</key>
				<string>$(LOCAL_LIBRARY_DIR)/Frameworks</string>
				<key>LD_RUNPATH_SEARCH_PATHS</key>
				<string>$(inherited) @executable_path/Frameworks @loader_path/Frameworks</string>
				<key>PRODUCT_NAME</key>
				<string>$(TARGET_NAME)</string>
				<key>SKIP_INSTALL</key>
				<string>YES</string>
				<key>VALID_ARCHS</key>
				<string>arm64 armv7 armv7s i386</string>
			</dict>
			<key>isa</key>
			<string>XCBuildConfiguration</string>
			<key>name</key>
			<string>Release</string>
		</dict>
		<key>E2440F8D1A97EEDF005EE4CC</key>
		<dict>
			<key>buildConfigurations</key>
			<array>
				<string>E2440F8E1A97EEDF005EE4CC</string>
				<string>E2440F8F1A97EEDF005EE4CC</string>
			</array>
			<key>defaultConfigurationIsVisible</key>
			<string>0</string>
			<key>isa</key>
			<string>XCConfigurationList</string>
		</dict>
		<key>E2440F8E1A97EEDF005EE4CC</key>
		<dict>
			<key>buildSettings</key>
			<dict>
				<key>FRAMEWORK_SEARCH_PATHS</key>
				<array>
					<string>$(SDKROOT)/Developer/Library/Frameworks</string>
					<string>$(inherited)</string>
				</array>
				<key>GCC_PREPROCESSOR_DEFINITIONS</key>
				<array>
					<string>DEBUG=1</string>
					<string>$(inherited)</string>
				</array>
				<key>INFOPLIST_FILE</key>
				<string>OAuth2Tests/Supporting Files/Info.plist</string>
				<key>LD_RUNPATH_SEARCH_PATHS</key>
				<string>$(inherited) @executable_path/Frameworks @loader_path/Frameworks</string>
				<key>PRODUCT_NAME</key>
				<string>$(TARGET_NAME)</string>
			</dict>
			<key>isa</key>
			<string>XCBuildConfiguration</string>
			<key>name</key>
			<string>Debug</string>
		</dict>
		<key>E2440F8F1A97EEDF005EE4CC</key>
		<dict>
			<key>buildSettings</key>
			<dict>
				<key>FRAMEWORK_SEARCH_PATHS</key>
				<array>
					<string>$(SDKROOT)/Developer/Library/Frameworks</string>
					<string>$(inherited)</string>
				</array>
				<key>INFOPLIST_FILE</key>
				<string>OAuth2Tests/Supporting Files/Info.plist</string>
				<key>LD_RUNPATH_SEARCH_PATHS</key>
				<string>$(inherited) @executable_path/Frameworks @loader_path/Frameworks</string>
				<key>PRODUCT_NAME</key>
				<string>$(TARGET_NAME)</string>
			</dict>
			<key>isa</key>
			<string>XCBuildConfiguration</string>
			<key>name</key>
			<string>Release</string>
		</dict>
		<key>E2440F901A97EF19005EE4CC</key>
		<dict>
			<key>children</key>
			<array>
				<string>E2440FB61A97F232005EE4CC</string>
				<string>E2440F911A97EF28005EE4CC</string>
				<string>E2440F921A97EF28005EE4CC</string>
				<string>E2440F931A97EF28005EE4CC</string>
				<string>E2440F941A97EF28005EE4CC</string>
				<string>E2440F951A97EF28005EE4CC</string>
				<string>E2440F961A97EF28005EE4CC</string>
				<string>E2440F971A97EF28005EE4CC</string>
				<string>E2440F981A97EF28005EE4CC</string>
			</array>
			<key>isa</key>
			<string>PBXGroup</string>
			<key>name</key>
			<string>Operations</string>
			<key>path</key>
			<string>Operations</string>
			<key>sourceTree</key>
			<string>&lt;group&gt;</string>
		</dict>
		<key>E2440F911A97EF28005EE4CC</key>
		<dict>
			<key>fileEncoding</key>
			<string>4</string>
			<key>isa</key>
			<string>PBXFileReference</string>
			<key>lastKnownFileType</key>
			<string>sourcecode.c.h</string>
			<key>path</key>
			<string>SFTTokenRefreshOperation.h</string>
			<key>sourceTree</key>
			<string>&lt;group&gt;</string>
		</dict>
		<key>E2440F921A97EF28005EE4CC</key>
		<dict>
			<key>fileEncoding</key>
			<string>4</string>
			<key>isa</key>
			<string>PBXFileReference</string>
			<key>lastKnownFileType</key>
			<string>sourcecode.c.objc</string>
			<key>path</key>
			<string>SFTTokenRefreshOperation.m</string>
			<key>sourceTree</key>
			<string>&lt;group&gt;</string>
		</dict>
		<key>E2440F931A97EF28005EE4CC</key>
		<dict>
			<key>fileEncoding</key>
			<string>4</string>
			<key>isa</key>
			<string>PBXFileReference</string>
			<key>lastKnownFileType</key>
			<string>sourcecode.c.h</string>
			<key>path</key>
			<string>SFTRequestOperation.h</string>
			<key>sourceTree</key>
			<string>&lt;group&gt;</string>
		</dict>
		<key>E2440F941A97EF28005EE4CC</key>
		<dict>
			<key>fileEncoding</key>
			<string>4</string>
			<key>isa</key>
			<string>PBXFileReference</string>
			<key>lastKnownFileType</key>
			<string>sourcecode.c.objc</string>
			<key>path</key>
			<string>SFTRequestOperation.m</string>
			<key>sourceTree</key>
			<string>&lt;group&gt;</string>
		</dict>
		<key>E2440F951A97EF28005EE4CC</key>
		<dict>
			<key>fileEncoding</key>
			<string>4</string>
			<key>isa</key>
			<string>PBXFileReference</string>
			<key>lastKnownFileType</key>
			<string>sourcecode.c.h</string>
			<key>path</key>
			<string>SFTTokenRequestOperation.h</string>
			<key>sourceTree</key>
			<string>&lt;group&gt;</string>
		</dict>
		<key>E2440F961A97EF28005EE4CC</key>
		<dict>
			<key>fileEncoding</key>
			<string>4</string>
			<key>isa</key>
			<string>PBXFileReference</string>
			<key>lastKnownFileType</key>
			<string>sourcecode.c.objc</string>
			<key>path</key>
			<string>SFTTokenRequestOperation.m</string>
			<key>sourceTree</key>
			<string>&lt;group&gt;</string>
		</dict>
		<key>E2440F971A97EF28005EE4CC</key>
		<dict>
			<key>fileEncoding</key>
			<string>4</string>
			<key>isa</key>
			<string>PBXFileReference</string>
			<key>lastKnownFileType</key>
			<string>sourcecode.c.h</string>
			<key>path</key>
			<string>SFTOperationQueueObserver.h</string>
			<key>sourceTree</key>
			<string>&lt;group&gt;</string>
		</dict>
		<key>E2440F981A97EF28005EE4CC</key>
		<dict>
			<key>fileEncoding</key>
			<string>4</string>
			<key>isa</key>
			<string>PBXFileReference</string>
			<key>lastKnownFileType</key>
			<string>sourcecode.c.objc</string>
			<key>path</key>
			<string>SFTOperationQueueObserver.m</string>
			<key>sourceTree</key>
			<string>&lt;group&gt;</string>
		</dict>
		<key>E2440F991A97EF28005EE4CC</key>
		<dict>
			<key>fileRef</key>
			<string>E2440F911A97EF28005EE4CC</string>
			<key>isa</key>
			<string>PBXBuildFile</string>
		</dict>
		<key>E2440F9A1A97EF28005EE4CC</key>
		<dict>
			<key>fileRef</key>
			<string>E2440F921A97EF28005EE4CC</string>
			<key>isa</key>
			<string>PBXBuildFile</string>
		</dict>
		<key>E2440F9B1A97EF28005EE4CC</key>
		<dict>
			<key>fileRef</key>
			<string>E2440F921A97EF28005EE4CC</string>
			<key>isa</key>
			<string>PBXBuildFile</string>
		</dict>
		<key>E2440F9C1A97EF28005EE4CC</key>
		<dict>
			<key>fileRef</key>
			<string>E2440F931A97EF28005EE4CC</string>
			<key>isa</key>
			<string>PBXBuildFile</string>
		</dict>
		<key>E2440F9D1A97EF28005EE4CC</key>
		<dict>
			<key>fileRef</key>
			<string>E2440F941A97EF28005EE4CC</string>
			<key>isa</key>
			<string>PBXBuildFile</string>
		</dict>
		<key>E2440F9E1A97EF28005EE4CC</key>
		<dict>
			<key>fileRef</key>
			<string>E2440F941A97EF28005EE4CC</string>
			<key>isa</key>
			<string>PBXBuildFile</string>
		</dict>
		<key>E2440F9F1A97EF28005EE4CC</key>
		<dict>
			<key>fileRef</key>
			<string>E2440F951A97EF28005EE4CC</string>
			<key>isa</key>
			<string>PBXBuildFile</string>
		</dict>
		<key>E2440FA01A97EF28005EE4CC</key>
		<dict>
			<key>fileRef</key>
			<string>E2440F961A97EF28005EE4CC</string>
			<key>isa</key>
			<string>PBXBuildFile</string>
		</dict>
		<key>E2440FA11A97EF28005EE4CC</key>
		<dict>
			<key>fileRef</key>
			<string>E2440F961A97EF28005EE4CC</string>
			<key>isa</key>
			<string>PBXBuildFile</string>
		</dict>
		<key>E2440FA21A97EF28005EE4CC</key>
		<dict>
			<key>fileRef</key>
			<string>E2440F971A97EF28005EE4CC</string>
			<key>isa</key>
			<string>PBXBuildFile</string>
		</dict>
		<key>E2440FA31A97EF28005EE4CC</key>
		<dict>
			<key>fileRef</key>
			<string>E2440F981A97EF28005EE4CC</string>
			<key>isa</key>
			<string>PBXBuildFile</string>
		</dict>
		<key>E2440FA41A97EF28005EE4CC</key>
		<dict>
			<key>fileRef</key>
			<string>E2440F981A97EF28005EE4CC</string>
			<key>isa</key>
			<string>PBXBuildFile</string>
		</dict>
		<key>E2440FA51A97EFE3005EE4CC</key>
		<dict>
			<key>fileEncoding</key>
			<string>4</string>
			<key>isa</key>
			<string>PBXFileReference</string>
			<key>lastKnownFileType</key>
			<string>sourcecode.c.h</string>
			<key>path</key>
			<string>SFTOAuth.h</string>
			<key>sourceTree</key>
			<string>&lt;group&gt;</string>
		</dict>
		<key>E2440FA61A97EFE3005EE4CC</key>
		<dict>
			<key>fileEncoding</key>
			<string>4</string>
			<key>isa</key>
			<string>PBXFileReference</string>
			<key>lastKnownFileType</key>
			<string>sourcecode.c.objc</string>
			<key>path</key>
			<string>SFTOAuth.m</string>
			<key>sourceTree</key>
			<string>&lt;group&gt;</string>
		</dict>
		<key>E2440FA71A97EFE3005EE4CC</key>
		<dict>
			<key>fileRef</key>
			<string>E2440FA51A97EFE3005EE4CC</string>
			<key>isa</key>
			<string>PBXBuildFile</string>
			<key>settings</key>
			<dict>
				<key>ATTRIBUTES</key>
				<array>
					<string>Public</string>
				</array>
			</dict>
		</dict>
		<key>E2440FA81A97EFE3005EE4CC</key>
		<dict>
			<key>fileRef</key>
			<string>E2440FA61A97EFE3005EE4CC</string>
			<key>isa</key>
			<string>PBXBuildFile</string>
		</dict>
		<key>E2440FA91A97EFE3005EE4CC</key>
		<dict>
			<key>fileRef</key>
			<string>E2440FA61A97EFE3005EE4CC</string>
			<key>isa</key>
			<string>PBXBuildFile</string>
		</dict>
		<key>E2440FAA1A97EFE8005EE4CC</key>
		<dict>
			<key>children</key>
			<array>
				<string>E2440FAB1A97F175005EE4CC</string>
				<string>E2440FAC1A97F175005EE4CC</string>
				<string>E2440FA51A97EFE3005EE4CC</string>
				<string>E2440FA61A97EFE3005EE4CC</string>
				<string>E2440FB81A97F25B005EE4CC</string>
				<string>E2440FB91A97F25B005EE4CC</string>
			</array>
			<key>isa</key>
			<string>PBXGroup</string>
			<key>name</key>
			<string>Auth</string>
			<key>path</key>
			<string>Auth</string>
			<key>sourceTree</key>
			<string>&lt;group&gt;</string>
		</dict>
		<key>E2440FAB1A97F175005EE4CC</key>
		<dict>
			<key>fileEncoding</key>
			<string>4</string>
			<key>isa</key>
			<string>PBXFileReference</string>
			<key>lastKnownFileType</key>
			<string>sourcecode.c.h</string>
			<key>path</key>
			<string>SFTUser.h</string>
			<key>sourceTree</key>
			<string>&lt;group&gt;</string>
		</dict>
		<key>E2440FAC1A97F175005EE4CC</key>
		<dict>
			<key>fileEncoding</key>
			<string>4</string>
			<key>isa</key>
			<string>PBXFileReference</string>
			<key>lastKnownFileType</key>
			<string>sourcecode.c.objc</string>
			<key>path</key>
			<string>SFTUser.m</string>
			<key>sourceTree</key>
			<string>&lt;group&gt;</string>
		</dict>
		<key>E2440FAD1A97F175005EE4CC</key>
		<dict>
			<key>fileRef</key>
			<string>E2440FAB1A97F175005EE4CC</string>
			<key>isa</key>
			<string>PBXBuildFile</string>
			<key>settings</key>
			<dict>
				<key>ATTRIBUTES</key>
				<array>
					<string>Public</string>
				</array>
			</dict>
		</dict>
		<key>E2440FAE1A97F175005EE4CC</key>
		<dict>
			<key>fileRef</key>
			<string>E2440FAC1A97F175005EE4CC</string>
			<key>isa</key>
			<string>PBXBuildFile</string>
		</dict>
		<key>E2440FAF1A97F175005EE4CC</key>
		<dict>
			<key>fileRef</key>
			<string>E2440FAC1A97F175005EE4CC</string>
			<key>isa</key>
			<string>PBXBuildFile</string>
		</dict>
		<key>E2440FB01A97F1AF005EE4CC</key>
		<dict>
			<key>fileEncoding</key>
			<string>4</string>
			<key>isa</key>
			<string>PBXFileReference</string>
			<key>lastKnownFileType</key>
			<string>sourcecode.c.h</string>
			<key>path</key>
			<string>NSDate+Comparison.h</string>
			<key>sourceTree</key>
			<string>&lt;group&gt;</string>
		</dict>
		<key>E2440FB11A97F1AF005EE4CC</key>
		<dict>
			<key>fileEncoding</key>
			<string>4</string>
			<key>isa</key>
			<string>PBXFileReference</string>
			<key>lastKnownFileType</key>
			<string>sourcecode.c.objc</string>
			<key>path</key>
			<string>NSDate+Comparison.m</string>
			<key>sourceTree</key>
			<string>&lt;group&gt;</string>
		</dict>
		<key>E2440FB21A97F1AF005EE4CC</key>
		<dict>
			<key>fileRef</key>
			<string>E2440FB01A97F1AF005EE4CC</string>
			<key>isa</key>
			<string>PBXBuildFile</string>
		</dict>
		<key>E2440FB31A97F1AF005EE4CC</key>
		<dict>
			<key>fileRef</key>
			<string>E2440FB11A97F1AF005EE4CC</string>
			<key>isa</key>
			<string>PBXBuildFile</string>
		</dict>
		<key>E2440FB41A97F1AF005EE4CC</key>
		<dict>
			<key>fileRef</key>
			<string>E2440FB11A97F1AF005EE4CC</string>
			<key>isa</key>
			<string>PBXBuildFile</string>
		</dict>
		<key>E2440FB51A97F1B3005EE4CC</key>
		<dict>
			<key>children</key>
			<array>
				<string>E2440FB01A97F1AF005EE4CC</string>
				<string>E2440FB11A97F1AF005EE4CC</string>
			</array>
			<key>isa</key>
			<string>PBXGroup</string>
			<key>name</key>
			<string>Categories</string>
			<key>path</key>
			<string>Categories</string>
			<key>sourceTree</key>
			<string>&lt;group&gt;</string>
		</dict>
		<key>E2440FB61A97F232005EE4CC</key>
		<dict>
			<key>fileEncoding</key>
			<string>4</string>
			<key>isa</key>
			<string>PBXFileReference</string>
			<key>lastKnownFileType</key>
			<string>sourcecode.c.h</string>
			<key>path</key>
			<string>Endpoints.h</string>
			<key>sourceTree</key>
			<string>&lt;group&gt;</string>
		</dict>
		<key>E2440FB71A97F232005EE4CC</key>
		<dict>
			<key>fileRef</key>
			<string>E2440FB61A97F232005EE4CC</string>
			<key>isa</key>
			<string>PBXBuildFile</string>
		</dict>
		<key>E2440FB81A97F25B005EE4CC</key>
		<dict>
			<key>fileEncoding</key>
			<string>4</string>
			<key>isa</key>
			<string>PBXFileReference</string>
			<key>lastKnownFileType</key>
			<string>sourcecode.c.h</string>
			<key>path</key>
			<string>SFTAuthErrors.h</string>
			<key>sourceTree</key>
			<string>&lt;group&gt;</string>
		</dict>
		<key>E2440FB91A97F25B005EE4CC</key>
		<dict>
			<key>fileEncoding</key>
			<string>4</string>
			<key>isa</key>
			<string>PBXFileReference</string>
			<key>lastKnownFileType</key>
			<string>sourcecode.c.objc</string>
			<key>path</key>
			<string>SFTAuthErrors.m</string>
			<key>sourceTree</key>
			<string>&lt;group&gt;</string>
		</dict>
		<key>E2440FBA1A97F25B005EE4CC</key>
		<dict>
			<key>fileRef</key>
			<string>E2440FB81A97F25B005EE4CC</string>
			<key>isa</key>
			<string>PBXBuildFile</string>
		</dict>
		<key>E2440FBB1A97F25B005EE4CC</key>
		<dict>
			<key>fileRef</key>
			<string>E2440FB91A97F25B005EE4CC</string>
			<key>isa</key>
			<string>PBXBuildFile</string>
		</dict>
		<key>E2440FBE1A97F7AB005EE4CC</key>
		<dict>
			<key>buildConfigurationList</key>
			<string>E2440FBF1A97F7AB005EE4CC</string>
			<key>buildPhases</key>
			<array>
				<string>E2440FC21A97F7CC005EE4CC</string>
			</array>
			<key>dependencies</key>
			<array/>
			<key>isa</key>
			<string>PBXAggregateTarget</string>
			<key>name</key>
			<string>Universal</string>
			<key>productName</key>
			<string>Universal</string>
		</dict>
		<key>E2440FBF1A97F7AB005EE4CC</key>
		<dict>
			<key>buildConfigurations</key>
			<array>
				<string>E2440FC01A97F7AB005EE4CC</string>
				<string>E2440FC11A97F7AB005EE4CC</string>
			</array>
			<key>defaultConfigurationIsVisible</key>
			<string>0</string>
			<key>isa</key>
			<string>XCConfigurationList</string>
		</dict>
		<key>E2440FC01A97F7AB005EE4CC</key>
		<dict>
			<key>buildSettings</key>
			<dict>
				<key>PRODUCT_NAME</key>
				<string>$(TARGET_NAME)</string>
			</dict>
			<key>isa</key>
			<string>XCBuildConfiguration</string>
			<key>name</key>
			<string>Debug</string>
		</dict>
		<key>E2440FC11A97F7AB005EE4CC</key>
		<dict>
			<key>buildSettings</key>
			<dict>
				<key>PRODUCT_NAME</key>
				<string>$(TARGET_NAME)</string>
			</dict>
			<key>isa</key>
			<string>XCBuildConfiguration</string>
			<key>name</key>
			<string>Release</string>
		</dict>
		<key>E2440FC21A97F7CC005EE4CC</key>
		<dict>
			<key>buildActionMask</key>
			<string>2147483647</string>
			<key>files</key>
			<array/>
			<key>inputPaths</key>
			<array/>
			<key>isa</key>
			<string>PBXShellScriptBuildPhase</string>
			<key>name</key>
			<string>lipo binaries</string>
			<key>outputPaths</key>
			<array/>
			<key>runOnlyForDeploymentPostprocessing</key>
			<string>0</string>
			<key>shellPath</key>
			<string>/bin/sh</string>
			<key>shellScript</key>
			<string>#!/bin/sh

UNIVERSAL_OUTPUTFOLDER=${BUILD_DIR}/${CONFIGURATION}-universal

# make sure the output directory exists
mkdir -p "${UNIVERSAL_OUTPUTFOLDER}"

# Step 1. Build Device and Simulator versions
xcodebuild -target "${PROJECT_NAME}" ONLY_ACTIVE_ARCH=NO -configuration ${CONFIGURATION}
-sdk iphoneos  BUILD_DIR="${BUILD_DIR}" BUILD_ROOT="${BUILD_ROOT}" clean build xcodebuild -target "${PROJECT_NAME}" -configuration ${CONFIGURATION} -sdk iphonesimulator ONLY_ACTIVE_ARCH=NO BUILD_DIR="${BUILD_DIR}" BUILD_ROOT="${BUILD_ROOT}" clean build

# Step 2. Copy the framework structure (from iphoneos build) to the universal folder
cp -R "${BUILD_DIR}/${CONFIGURATION}-iphoneos/${PROJECT_NAME}.framework" "${UNIVERSAL_OUTPUTFOLDER}/"

# Step 3. Copy Swift modules (from iphonesimulator build) to the copied framework directory
cp -R "${BUILD_DIR}/${CONFIGURATION}-iphonesimulator/${PROJECT_NAME}.framework/Modules/${PROJECT_NAME}.swiftmodule/." "${UNIVERSAL_OUTPUTFOLDER}/${PROJECT_NAME}.framework/Modules/${PROJECT_NAME}.swiftmodule"

# Step 4. Create universal binary file using lipo and place the combined executable in the copied framework directory
lipo -create -output "${UNIVERSAL_OUTPUTFOLDER}/${PROJECT_NAME}.framework/${PROJECT_NAME}" "${BUILD_DIR}/${CONFIGURATION}-iphonesimulator/${PROJECT_NAME}.framework/${PROJECT_NAME}" "${BUILD_DIR}/${CONFIGURATION}-iphoneos/${PROJECT_NAME}.framework/${PROJECT_NAME}"

# Step 5. Convenience step to copy the framework to the project's directory
cp -R "${UNIVERSAL_OUTPUTFOLDER}/${PROJECT_NAME}.framework" "${PROJECT_DIR}"

# Step 6. Convenience step to open the project's directory in Finder
open "${PROJECT_DIR}"</string>
		</dict>
	</dict>
	<key>rootObject</key>
	<string>E2440F6B1A97EEDF005EE4CC</string>
</dict>
</plist>
